# THIS IS AN AUTOGENERATED FILE. DO NOT EDIT THIS FILE DIRECTLY.
# yarn lockfile v1


pls-template@0.0.3:
  version "0.0.3"
  resolved "https://registry.yarnpkg.com/pls-template/-/pls-template-0.0.3.tgz#228636866b651c8864c118734dec301d54648327"
  integrity sha512-ysCqUuxT0En2zcJKOBdAs4RYRVkiCwy2weE6iT1cD4bmVsaXRwGiEh0cB29Snni7vr6uuel7CQStxCZVRJcUFA==
